// !$*UTF8*$!
{
	archiveVersion = 1;
	classes = {
	};
	objectVersion = 55;
	objects = {

/* Begin PBXBuildFile section */
		9CF2EBDC278A174C0033FD35 /* AppDelegate.swift in Sources */ = {isa = PBXBuildFile; fileRef = 9CF2EBDB278A174C0033FD35 /* AppDelegate.swift */; };
		9CF2EBDE278A174C0033FD35 /* SceneDelegate.swift in Sources */ = {isa = PBXBuildFile; fileRef = 9CF2EBDD278A174C0033FD35 /* SceneDelegate.swift */; };
		9CF2EBE0278A174C0033FD35 /* ViewController.swift in Sources */ = {isa = PBXBuildFile; fileRef = 9CF2EBDF278A174C0033FD35 /* ViewController.swift */; };
		9CF2EBE3278A174C0033FD35 /* Main.storyboard in Resources */ = {isa = PBXBuildFile; fileRef = 9CF2EBE1278A174C0033FD35 /* Main.storyboard */; };
		9CF2EBE5278A174E0033FD35 /* Assets.xcassets in Resources */ = {isa = PBXBuildFile; fileRef = 9CF2EBE4278A174E0033FD35 /* Assets.xcassets */; };
		9CF2EBE8278A174E0033FD35 /* LaunchScreen.storyboard in Resources */ = {isa = PBXBuildFile; fileRef = 9CF2EBE6278A174E0033FD35 /* LaunchScreen.storyboard */; };
		9CF2EBF4278A1D7B0033FD35 /* NetworkingManager.swift in Sources */ = {isa = PBXBuildFile; fileRef = 9CF2EBF3278A1D7B0033FD35 /* NetworkingManager.swift */; };
		9CF2EBF6278A1E150033FD35 /* PokemonData.swift in Sources */ = {isa = PBXBuildFile; fileRef = 9CF2EBF5278A1E150033FD35 /* PokemonData.swift */; };
		9CF2EBF8278A1F440033FD35 /* Pokemon.swift in Sources */ = {isa = PBXBuildFile; fileRef = 9CF2EBF7278A1F440033FD35 /* Pokemon.swift */; };
/* End PBXBuildFile section */

/* Begin PBXFileReference section */
		9CF2EBD8278A174C0033FD35 /* PokemonLibrary.app */ = {isa = PBXFileReference; explicitFileType = wrapper.application; includeInIndex = 0; path = PokemonLibrary.app; sourceTree = BUILT_PRODUCTS_DIR; };
		9CF2EBDB278A174C0033FD35 /* AppDelegate.swift */ = {isa = PBXFileReference; lastKnownFileType = sourcecode.swift; path = AppDelegate.swift; sourceTree = "<group>"; };
		9CF2EBDD278A174C0033FD35 /* SceneDelegate.swift */ = {isa = PBXFileReference; lastKnownFileType = sourcecode.swift; path = SceneDelegate.swift; sourceTree = "<group>"; };
		9CF2EBDF278A174C0033FD35 /* ViewController.swift */ = {isa = PBXFileReference; lastKnownFileType = sourcecode.swift; path = ViewController.swift; sourceTree = "<group>"; };
		9CF2EBE2278A174C0033FD35 /* Base */ = {isa = PBXFileReference; lastKnownFileType = file.storyboard; name = Base; path = Base.lproj/Main.storyboard; sourceTree = "<group>"; };
		9CF2EBE4278A174E0033FD35 /* Assets.xcassets */ = {isa = PBXFileReference; lastKnownFileType = folder.assetcatalog; path = Assets.xcassets; sourceTree = "<group>"; };
		9CF2EBE7278A174E0033FD35 /* Base */ = {isa = PBXFileReference; lastKnownFileType = file.storyboard; name = Base; path = Base.lproj/LaunchScreen.storyboard; sourceTree = "<group>"; };
		9CF2EBE9278A174E0033FD35 /* Info.plist */ = {isa = PBXFileReference; lastKnownFileType = text.plist.xml; path = Info.plist; sourceTree = "<group>"; };
		9CF2EBF3278A1D7B0033FD35 /* NetworkingManager.swift */ = {isa = PBXFileReference; lastKnownFileType = sourcecode.swift; path = NetworkingManager.swift; sourceTree = "<group>"; };
		9CF2EBF5278A1E150033FD35 /* PokemonData.swift */ = {isa = PBXFileReference; lastKnownFileType = sourcecode.swift; path = PokemonData.swift; sourceTree = "<group>"; };
		9CF2EBF7278A1F440033FD35 /* Pokemon.swift */ = {isa = PBXFileReference; lastKnownFileType = sourcecode.swift; path = Pokemon.swift; sourceTree = "<group>"; };
/* End PBXFileReference section */

/* Begin PBXFrameworksBuildPhase section */
		9CF2EBD5278A174C0033FD35 /* Frameworks */ = {
			isa = PBXFrameworksBuildPhase;
			buildActionMask = 2147483647;
			files = (
			);
			runOnlyForDeploymentPostprocessing = 0;
		};
/* End PBXFrameworksBuildPhase section */

/* Begin PBXGroup section */
		9CF2EBCF278A174C0033FD35 = {
			isa = PBXGroup;
			children = (
				9CF2EBDA278A174C0033FD35 /* PokemonLibrary */,
				9CF2EBD9278A174C0033FD35 /* Products */,
			);
			sourceTree = "<group>";
		};
		9CF2EBD9278A174C0033FD35 /* Products */ = {
			isa = PBXGroup;
			children = (
				9CF2EBD8278A174C0033FD35 /* PokemonLibrary.app */,
			);
			name = Products;
			sourceTree = "<group>";
		};
		9CF2EBDA278A174C0033FD35 /* PokemonLibrary */ = {
			isa = PBXGroup;
			children = (
				9CF2EBF2278A1CD00033FD35 /* Support files */,
				9CF2EBEF278A1CAB0033FD35 /* Model */,
				9CF2EBF0278A1CB50033FD35 /* Views */,
				9CF2EBF1278A1CBD0033FD35 /* Controller */,
				9CF2EBE9278A174E0033FD35 /* Info.plist */,
			);
			path = PokemonLibrary;
			sourceTree = "<group>";
		};
		9CF2EBEF278A1CAB0033FD35 /* Model */ = {
			isa = PBXGroup;
			children = (
				9CF2EBF3278A1D7B0033FD35 /* NetworkingManager.swift */,
				9CF2EBF5278A1E150033FD35 /* PokemonData.swift */,
				9CF2EBF7278A1F440033FD35 /* Pokemon.swift */,
			);
			path = Model;
			sourceTree = "<group>";
		};
		9CF2EBF0278A1CB50033FD35 /* Views */ = {
			isa = PBXGroup;
			children = (
				9CF2EBE1278A174C0033FD35 /* Main.storyboard */,
				9CF2EBE6278A174E0033FD35 /* LaunchScreen.storyboard */,
			);
			path = Views;
			sourceTree = "<group>";
		};
		9CF2EBF1278A1CBD0033FD35 /* Controller */ = {
			isa = PBXGroup;
			children = (
				9CF2EBDF278A174C0033FD35 /* ViewController.swift */,
			);
			path = Controller;
			sourceTree = "<group>";
		};
		9CF2EBF2278A1CD00033FD35 /* Support files */ = {
			isa = PBXGroup;
			children = (
				9CF2EBDB278A174C0033FD35 /* AppDelegate.swift */,
				9CF2EBDD278A174C0033FD35 /* SceneDelegate.swift */,
				9CF2EBE4278A174E0033FD35 /* Assets.xcassets */,
			);
			path = "Support files";
			sourceTree = "<group>";
		};
/* End PBXGroup section */

/* Begin PBXNativeTarget section */
		9CF2EBD7278A174C0033FD35 /* PokemonLibrary */ = {
			isa = PBXNativeTarget;
			buildConfigurationList = 9CF2EBEC278A174E0033FD35 /* Build configuration list for PBXNativeTarget "PokemonLibrary" */;
			buildPhases = (
				9CF2EBD4278A174C0033FD35 /* Sources */,
				9CF2EBD5278A174C0033FD35 /* Frameworks */,
				9CF2EBD6278A174C0033FD35 /* Resources */,
			);
			buildRules = (
			);
			dependencies = (
			);
			name = PokemonLibrary;
			productName = PokemonLibrary;
			productReference = 9CF2EBD8278A174C0033FD35 /* PokemonLibrary.app */;
			productType = "com.apple.product-type.application";
		};
/* End PBXNativeTarget section */

/* Begin PBXProject section */
		9CF2EBD0278A174C0033FD35 /* Project object */ = {
			isa = PBXProject;
			attributes = {
				BuildIndependentTargetsInParallel = 1;
				LastSwiftUpdateCheck = 1320;
				LastUpgradeCheck = 1320;
				TargetAttributes = {
					9CF2EBD7278A174C0033FD35 = {
						CreatedOnToolsVersion = 13.2.1;
					};
				};
			};
			buildConfigurationList = 9CF2EBD3278A174C0033FD35 /* Build configuration list for PBXProject "PokemonLibrary" */;
			compatibilityVersion = "Xcode 13.0";
			developmentRegion = en;
			hasScannedForEncodings = 0;
			knownRegions = (
				en,
				Base,
			);
			mainGroup = 9CF2EBCF278A174C0033FD35;
			productRefGroup = 9CF2EBD9278A174C0033FD35 /* Products */;
			projectDirPath = "";
			projectRoot = "";
			targets = (
				9CF2EBD7278A174C0033FD35 /* PokemonLibrary */,
			);
		};
/* End PBXProject section */

/* Begin PBXResourcesBuildPhase section */
		9CF2EBD6278A174C0033FD35 /* Resources */ = {
			isa = PBXResourcesBuildPhase;
			buildActionMask = 2147483647;
			files = (
				9CF2EBE8278A174E0033FD35 /* LaunchScreen.storyboard in Resources */,
				9CF2EBE5278A174E0033FD35 /* Assets.xcassets in Resources */,
				9CF2EBE3278A174C0033FD35 /* Main.storyboard in Resources */,
			);
			runOnlyForDeploymentPostprocessing = 0;
		};
/* End PBXResourcesBuildPhase section */

/* Begin PBXSourcesBuildPhase section */
		9CF2EBD4278A174C0033FD35 /* Sources */ = {
			isa = PBXSourcesBuildPhase;
			buildActionMask = 2147483647;
			files = (
				9CF2EBE0278A174C0033FD35 /* ViewController.swift in Sources */,
				9CF2EBF4278A1D7B0033FD35 /* NetworkingManager.swift in Sources */,
				9CF2EBDC278A174C0033FD35 /* AppDelegate.swift in Sources */,
				9CF2EBDE278A174C0033FD35 /* SceneDelegate.swift in Sources */,
				9CF2EBF6278A1E150033FD35 /* PokemonData.swift in Sources */,
				9CF2EBF8278A1F440033FD35 /* Pokemon.swift in Sources */,
			);
			runOnlyForDeploymentPostprocessing = 0;
		};
/* End PBXSourcesBuildPhase section */

/* Begin PBXVariantGroup section */
		9CF2EBE1278A174C0033FD35 /* Main.storyboard */ = {
			isa = PBXVariantGroup;
			children = (
				9CF2EBE2278A174C0033FD35 /* Base */,
			);
			name = Main.storyboard;
			sourceTree = "<group>";
		};
		9CF2EBE6278A174E0033FD35 /* LaunchScreen.storyboard */ = {
			isa = PBXVariantGroup;
			children = (
				9CF2EBE7278A174E0033FD35 /* Base */,
			);
			name = LaunchScreen.storyboard;
			sourceTree = "<group>";
		};
/* End PBXVariantGroup section */

/* Begin XCBuildConfiguration section */
		9CF2EBEA278A174E0033FD35 /* Debug */ = {
			isa = XCBuildConfiguration;
			buildSettings = {
				ALWAYS_SEARCH_USER_PATHS = NO;
				CLANG_ANALYZER_NONNULL = YES;
				CLANG_ANALYZER_NUMBER_OBJECT_CONVERSION = YES_AGGRESSIVE;
				CLANG_CXX_LANGUAGE_STANDARD = "gnu++17";
				CLANG_CXX_LIBRARY = "libc++";
				CLANG_ENABLE_MODULES = YES;
				CLANG_ENABLE_OBJC_ARC = YES;
				CLANG_ENABLE_OBJC_WEAK = YES;
				CLANG_WARN_BLOCK_CAPTURE_AUTORELEASING = YES;
				CLANG_WARN_BOOL_CONVERSION = YES;
				CLANG_WARN_COMMA = YES;
				CLANG_WARN_CONSTANT_CONVERSION = YES;
				CLANG_WARN_DEPRECATED_OBJC_IMPLEMENTATIONS = YES;
				CLANG_WARN_DIRECT_OBJC_ISA_USAGE = YES_ERROR;
				CLANG_WARN_DOCUMENTATION_COMMENTS = YES;
				CLANG_WARN_EMPTY_BODY = YES;
				CLANG_WARN_ENUM_CONVERSION = YES;
				CLANG_WARN_INFINITE_RECURSION = YES;
				CLANG_WARN_INT_CONVERSION = YES;
				CLANG_WARN_NON_LITERAL_NULL_CONVERSION = YES;
				CLANG_WARN_OBJC_IMPLICIT_RETAIN_SELF = YES;
				CLANG_WARN_OBJC_LITERAL_CONVERSION = YES;
				CLANG_WARN_OBJC_ROOT_CLASS = YES_ERROR;
				CLANG_WARN_QUOTED_INCLUDE_IN_FRAMEWORK_HEADER = YES;
				CLANG_WARN_RANGE_LOOP_ANALYSIS = YES;
				CLANG_WARN_STRICT_PROTOTYPES = YES;
				CLANG_WARN_SUSPICIOUS_MOVE = YES;
				CLANG_WARN_UNGUARDED_AVAILABILITY = YES_AGGRESSIVE;
				CLANG_WARN_UNREACHABLE_CODE = YES;
				CLANG_WARN__DUPLICATE_METHOD_MATCH = YES;
				COPY_PHASE_STRIP = NO;
				DEBUG_INFORMATION_FORMAT = dwarf;
				ENABLE_STRICT_OBJC_MSGSEND = YES;
				ENABLE_TESTABILITY = YES;
				GCC_C_LANGUAGE_STANDARD = gnu11;
				GCC_DYNAMIC_NO_PIC = NO;
				GCC_NO_COMMON_BLOCKS = YES;
				GCC_OPTIMIZATION_LEVEL = 0;
				GCC_PREPROCESSOR_DEFINITIONS = (
					"DEBUG=1",
					"$(inherited)",
				);
				GCC_WARN_64_TO_32_BIT_CONVERSION = YES;
				GCC_WARN_ABOUT_RETURN_TYPE = YES_ERROR;
				GCC_WARN_UNDECLARED_SELECTOR = YES;
				GCC_WARN_UNINITIALIZED_AUTOS = YES_AGGRESSIVE;
				GCC_WARN_UNUSED_FUNCTION = YES;
				GCC_WARN_UNUSED_VARIABLE = YES;
				IPHONEOS_DEPLOYMENT_TARGET = 15.2;
				MTL_ENABLE_DEBUG_INFO = INCLUDE_SOURCE;
				MTL_FAST_MATH = YES;
				ONLY_ACTIVE_ARCH = YES;
				SDKROOT = iphoneos;
				SWIFT_ACTIVE_COMPILATION_CONDITIONS = DEBUG;
				SWIFT_OPTIMIZATION_LEVEL = "-Onone";
			};
			name = Debug;
		};
		9CF2EBEB278A174E0033FD35 /* Release */ = {
			isa = XCBuildConfiguration;
			buildSettings = {
				ALWAYS_SEARCH_USER_PATHS = NO;
				CLANG_ANALYZER_NONNULL = YES;
				CLANG_ANALYZER_NUMBER_OBJECT_CONVERSION = YES_AGGRESSIVE;
				CLANG_CXX_LANGUAGE_STANDARD = "gnu++17";
				CLANG_CXX_LIBRARY = "libc++";
				CLANG_ENABLE_MODULES = YES;
				CLANG_ENABLE_OBJC_ARC = YES;
				CLANG_ENABLE_OBJC_WEAK = YES;
				CLANG_WARN_BLOCK_CAPTURE_AUTORELEASING = YES;
				CLANG_WARN_BOOL_CONVERSION = YES;
				CLANG_WARN_COMMA = YES;
				CLANG_WARN_CONSTANT_CONVERSION = YES;
				CLANG_WARN_DEPRECATED_OBJC_IMPLEMENTATIONS = YES;
				CLANG_WARN_DIRECT_OBJC_ISA_USAGE = YES_ERROR;
				CLANG_WARN_DOCUMENTATION_COMMENTS = YES;
				CLANG_WARN_EMPTY_BODY = YES;
				CLANG_WARN_ENUM_CONVERSION = YES;
				CLANG_WARN_INFINITE_RECURSION = YES;
				CLANG_WARN_INT_CONVERSION = YES;
				CLANG_WARN_NON_LITERAL_NULL_CONVERSION = YES;
				CLANG_WARN_OBJC_IMPLICIT_RETAIN_SELF = YES;
				CLANG_WARN_OBJC_LITERAL_CONVERSION = YES;
				CLANG_WARN_OBJC_ROOT_CLASS = YES_ERROR;
				CLANG_WARN_QUOTED_INCLUDE_IN_FRAMEWORK_HEADER = YES;
				CLANG_WARN_RANGE_LOOP_ANALYSIS = YES;
				CLANG_WARN_STRICT_PROTOTYPES = YES;
				CLANG_WARN_SUSPICIOUS_MOVE = YES;
				CLANG_WARN_UNGUARDED_AVAILABILITY = YES_AGGRESSIVE;
				CLANG_WARN_UNREACHABLE_CODE = YES;
				CLANG_WARN__DUPLICATE_METHOD_MATCH = YES;
				COPY_PHASE_STRIP = NO;
				DEBUG_INFORMATION_FORMAT = "dwarf-with-dsym";
				ENABLE_NS_ASSERTIONS = NO;
				ENABLE_STRICT_OBJC_MSGSEND = YES;
				GCC_C_LANGUAGE_STANDARD = gnu11;
				GCC_NO_COMMON_BLOCKS = YES;
				GCC_WARN_64_TO_32_BIT_CONVERSION = YES;
				GCC_WARN_ABOUT_RETURN_TYPE = YES_ERROR;
				GCC_WARN_UNDECLARED_SELECTOR = YES;
				GCC_WARN_UNINITIALIZED_AUTOS = YES_AGGRESSIVE;
				GCC_WARN_UNUSED_FUNCTION = YES;
				GCC_WARN_UNUSED_VARIABLE = YES;
				IPHONEOS_DEPLOYMENT_TARGET = 15.2;
				MTL_ENABLE_DEBUG_INFO = NO;
				MTL_FAST_MATH = YES;
				SDKROOT = iphoneos;
				SWIFT_COMPILATION_MODE = wholemodule;
				SWIFT_OPTIMIZATION_LEVEL = "-O";
				VALIDATE_PRODUCT = YES;
			};
			name = Release;
		};
		9CF2EBED278A174E0033FD35 /* Debug */ = {
			isa = XCBuildConfiguration;
			buildSettings = {
				ASSETCATALOG_COMPILER_APPICON_NAME = AppIcon;
				ASSETCATALOG_COMPILER_GLOBAL_ACCENT_COLOR_NAME = AccentColor;
				CODE_SIGN_STYLE = Automatic;
				CURRENT_PROJECT_VERSION = 1;
				DEVELOPMENT_TEAM = 7XP9H5G8CF;
				GENERATE_INFOPLIST_FILE = YES;
				INFOPLIST_FILE = PokemonLibrary/Info.plist;
				INFOPLIST_KEY_UIApplicationSupportsIndirectInputEvents = YES;
				INFOPLIST_KEY_UILaunchStoryboardName = LaunchScreen;
				INFOPLIST_KEY_UIMainStoryboardFile = Main;
				INFOPLIST_KEY_UISupportedInterfaceOrientations_iPad = "UIInterfaceOrientationPortrait UIInterfaceOrientationPortraitUpsideDown UIInterfaceOrientationLandscapeLeft UIInterfaceOrientationLandscapeRight";
				INFOPLIST_KEY_UISupportedInterfaceOrientations_iPhone = "UIInterfaceOrientationPortrait UIInterfaceOrientationLandscapeLeft UIInterfaceOrientationLandscapeRight";
				IPHONEOS_DEPLOYMENT_TARGET = 15.0;
				LD_RUNPATH_SEARCH_PATHS = (
					"$(inherited)",
					"@executable_path/Frameworks",
				);
				MARKETING_VERSION = 1.0;
				PRODUCT_BUNDLE_IDENTIFIER = com.underscoreow.PokemonLibrary;
				PRODUCT_NAME = "$(TARGET_NAME)";
				SWIFT_EMIT_LOC_STRINGS = YES;
				SWIFT_VERSION = 5.0;
				TARGETED_DEVICE_FAMILY = "1,2";
			};
			name = Debug;
		};
		9CF2EBEE278A174E0033FD35 /* Release */ = {
			isa = XCBuildConfiguration;
			buildSettings = {
				ASSETCATALOG_COMPILER_APPICON_NAME = AppIcon;
				ASSETCATALOG_COMPILER_GLOBAL_ACCENT_COLOR_NAME = AccentColor;
				CODE_SIGN_STYLE = Automatic;
				CURRENT_PROJECT_VERSION = 1;
				DEVELOPMENT_TEAM = 7XP9H5G8CF;
				GENERATE_INFOPLIST_FILE = YES;
				INFOPLIST_FILE = PokemonLibrary/Info.plist;
				INFOPLIST_KEY_UIApplicationSupportsIndirectInputEvents = YES;
				INFOPLIST_KEY_UILaunchStoryboardName = LaunchScreen;
				INFOPLIST_KEY_UIMainStoryboardFile = Main;
				INFOPLIST_KEY_UISupportedInterfaceOrientations_iPad = "UIInterfaceOrientationPortrait UIInterfaceOrientationPortraitUpsideDown UIInterfaceOrientationLandscapeLeft UIInterfaceOrientationLandscapeRight";
				INFOPLIST_KEY_UISupportedInterfaceOrientations_iPhone = "UIInterfaceOrientationPortrait UIInterfaceOrientationLandscapeLeft UIInterfaceOrientationLandscapeRight";
				IPHONEOS_DEPLOYMENT_TARGET = 15.0;
				LD_RUNPATH_SEARCH_PATHS = (
					"$(inherited)",
					"@executable_path/Frameworks",
				);
				MARKETING_VERSION = 1.0;
				PRODUCT_BUNDLE_IDENTIFIER = com.underscoreow.PokemonLibrary;
				PRODUCT_NAME = "$(TARGET_NAME)";
				SWIFT_EMIT_LOC_STRINGS = YES;
				SWIFT_VERSION = 5.0;
				TARGETED_DEVICE_FAMILY = "1,2";
			};
			name = Release;
		};
/* End XCBuildConfiguration section */

/* Begin XCConfigurationList section */
		9CF2EBD3278A174C0033FD35 /* Build configuration list for PBXProject "PokemonLibrary" */ = {
			isa = XCConfigurationList;
			buildConfigurations = (
				9CF2EBEA278A174E0033FD35 /* Debug */,
				9CF2EBEB278A174E0033FD35 /* Release */,
			);
			defaultConfigurationIsVisible = 0;
			defaultConfigurationName = Release;
		};
		9CF2EBEC278A174E0033FD35 /* Build configuration list for PBXNativeTarget "PokemonLibrary" */ = {
			isa = XCConfigurationList;
			buildConfigurations = (
				9CF2EBED278A174E0033FD35 /* Debug */,
				9CF2EBEE278A174E0033FD35 /* Release */,
			);
			defaultConfigurationIsVisible = 0;
			defaultConfigurationName = Release;
		};
/* End XCConfigurationList section */
	};
	rootObject = 9CF2EBD0278A174C0033FD35 /* Project object */;
}
